
Microsoft Visual Studio Solution File, Format Version 12.00
# Visual Studio Version 17
VisualStudioVersion = 17.7.34221.43
MinimumVisualStudioVersion = 10.0.40219.1
Project("{FAE04EC0-301F-11D3-BF4B-00C04F79EFBC}") = "assignment13", "assignment13\assignment13.csproj", "{9CF20799-C260-4BC5-AA26-E0400A326A95}"
EndProject
Global
	GlobalSection(SolutionConfigurationPlatforms) = preSolution
		Debug|Any CPU = Debug|Any CPU
		Release|Any CPU = Release|Any CPU
	EndGlobalSection
	GlobalSection(ProjectConfigurationPlatforms) = postSolution
		{9CF20799-C260-4BC5-AA26-E0400A326A95}.Debug|Any CPU.ActiveCfg = Debug|Any CPU
		{9CF20799-C260-4BC5-AA26-E0400A326A95}.Debug|Any CPU.Build.0 = Debug|Any CPU
		{9CF20799-C260-4BC5-AA26-E0400A326A95}.Release|Any CPU.ActiveCfg = Release|Any CPU
		{9CF20799-C260-4BC5-AA26-E0400A326A95}.Release|Any CPU.Build.0 = Release|Any CPU
	EndGlobalSection
	GlobalSection(SolutionProperties) = preSolution
		HideSolutionNode = FALSE
	EndGlobalSection
	GlobalSection(ExtensibilityGlobals) = postSolution
		SolutionGuid = {CCC323AC-9359-451C-997A-FC78C05E776E}
	EndGlobalSection
EndGlobal
